
Microsoft Visual Studio Solution File, Format Version 12.00
# Visual Studio 15
VisualStudioVersion = 15.0.27130.2027
MinimumVisualStudioVersion = 10.0.40219.1
Project("{FAE04EC0-301F-11D3-BF4B-00C04F79EFBC}") = "PI_Searchfood", "PI_Searchfood\PI_Searchfood.csproj", "{494AD1BF-2323-421B-AB0D-5F223EFFDFE6}"
EndProject
Project("{FAE04EC0-301F-11D3-BF4B-00C04F79EFBC}") = "PI_Searchfood.Logica", "PI_Searchfood.Logica\PI_Searchfood.Logica.csproj", "{72D754F8-4B8E-4F37-8069-038BD68EE877}"
EndProject
Project("{FAE04EC0-301F-11D3-BF4B-00C04F79EFBC}") = "PI_Searchfood.WS", "PI_Searchfood.WS\PI_Searchfood.WS.csproj", "{9E77DF02-72F1-4771-B2E4-2771AC631E3B}"
EndProject
Project("{FAE04EC0-301F-11D3-BF4B-00C04F79EFBC}") = "PI_Searchfood.Test", "PI_Searchfood.Test\PI_Searchfood.Test.csproj", "{17441704-B532-4966-B8B6-02924FEF86B5}"
EndProject
Project("{FAE04EC0-301F-11D3-BF4B-00C04F79EFBC}") = "PI_Searchfood.MVC", "PI_Searchfood.MVC\PI_Searchfood.MVC.csproj", "{1F6BEE04-9802-4BD8-9D33-2541471EF986}"
EndProject
Global
	GlobalSection(SolutionConfigurationPlatforms) = preSolution
		Debug|Any CPU = Debug|Any CPU
		Release|Any CPU = Release|Any CPU
	EndGlobalSection
	GlobalSection(ProjectConfigurationPlatforms) = postSolution
		{494AD1BF-2323-421B-AB0D-5F223EFFDFE6}.Debug|Any CPU.ActiveCfg = Debug|Any CPU
		{494AD1BF-2323-421B-AB0D-5F223EFFDFE6}.Debug|Any CPU.Build.0 = Debug|Any CPU
		{494AD1BF-2323-421B-AB0D-5F223EFFDFE6}.Release|Any CPU.ActiveCfg = Release|Any CPU
		{494AD1BF-2323-421B-AB0D-5F223EFFDFE6}.Release|Any CPU.Build.0 = Release|Any CPU
		{72D754F8-4B8E-4F37-8069-038BD68EE877}.Debug|Any CPU.ActiveCfg = Debug|Any CPU
		{72D754F8-4B8E-4F37-8069-038BD68EE877}.Debug|Any CPU.Build.0 = Debug|Any CPU
		{72D754F8-4B8E-4F37-8069-038BD68EE877}.Release|Any CPU.ActiveCfg = Release|Any CPU
		{72D754F8-4B8E-4F37-8069-038BD68EE877}.Release|Any CPU.Build.0 = Release|Any CPU
		{9E77DF02-72F1-4771-B2E4-2771AC631E3B}.Debug|Any CPU.ActiveCfg = Debug|Any CPU
		{9E77DF02-72F1-4771-B2E4-2771AC631E3B}.Debug|Any CPU.Build.0 = Debug|Any CPU
		{9E77DF02-72F1-4771-B2E4-2771AC631E3B}.Release|Any CPU.ActiveCfg = Release|Any CPU
		{9E77DF02-72F1-4771-B2E4-2771AC631E3B}.Release|Any CPU.Build.0 = Release|Any CPU
		{17441704-B532-4966-B8B6-02924FEF86B5}.Debug|Any CPU.ActiveCfg = Debug|Any CPU
		{17441704-B532-4966-B8B6-02924FEF86B5}.Debug|Any CPU.Build.0 = Debug|Any CPU
		{17441704-B532-4966-B8B6-02924FEF86B5}.Release|Any CPU.ActiveCfg = Release|Any CPU
		{17441704-B532-4966-B8B6-02924FEF86B5}.Release|Any CPU.Build.0 = Release|Any CPU
		{1F6BEE04-9802-4BD8-9D33-2541471EF986}.Debug|Any CPU.ActiveCfg = Debug|Any CPU
		{1F6BEE04-9802-4BD8-9D33-2541471EF986}.Debug|Any CPU.Build.0 = Debug|Any CPU
		{1F6BEE04-9802-4BD8-9D33-2541471EF986}.Release|Any CPU.ActiveCfg = Release|Any CPU
		{1F6BEE04-9802-4BD8-9D33-2541471EF986}.Release|Any CPU.Build.0 = Release|Any CPU
	EndGlobalSection
	GlobalSection(SolutionProperties) = preSolution
		HideSolutionNode = FALSE
	EndGlobalSection
	GlobalSection(ExtensibilityGlobals) = postSolution
		SolutionGuid = {C8A1373A-51FA-4998-AC7A-38AC5DD4E924}
	EndGlobalSection
EndGlobal
